
Microsoft Visual Studio Solution File, Format Version 12.00
Project("{FAE04EC0-301F-11D3-BF4B-00C04F79EFBC}") = "Service", "Service\Service.csproj", "{D47B1376-ECA7-4C93-A594-6869BD449B20}"
EndProject
Project("{2150E333-8FDC-42A3-9474-1A3956D46DE8}") = "Solution Files", "Solution Files", "{6562E0B1-F316-40D3-A7EB-4242A1B24C06}"
	ProjectSection(SolutionItems) = preProject
		Dockerfile = Dockerfile
		.dockerignore = .dockerignore
		.gitignore = .gitignore
		compose.yaml.template = compose.yaml.template
	EndProjectSection
EndProject
Global
	GlobalSection(SolutionConfigurationPlatforms) = preSolution
		Debug|Any CPU = Debug|Any CPU
		Release|Any CPU = Release|Any CPU
	EndGlobalSection
	GlobalSection(ProjectConfigurationPlatforms) = postSolution
		{D47B1376-ECA7-4C93-A594-6869BD449B20}.Debug|Any CPU.ActiveCfg = Debug|Any CPU
		{D47B1376-ECA7-4C93-A594-6869BD449B20}.Debug|Any CPU.Build.0 = Debug|Any CPU
		{D47B1376-ECA7-4C93-A594-6869BD449B20}.Release|Any CPU.ActiveCfg = Release|Any CPU
		{D47B1376-ECA7-4C93-A594-6869BD449B20}.Release|Any CPU.Build.0 = Release|Any CPU
	EndGlobalSection
EndGlobal
